
Microsoft Visual Studio Solution File, Format Version 12.00
# Visual Studio 15
VisualStudioVersion = 15.0.28307.757
MinimumVisualStudioVersion = 10.0.40219.1
Project("{FAE04EC0-301F-11D3-BF4B-00C04F79EFBC}") = "VotingAPI", "VotingAPI\VotingAPI.csproj", "{6966F471-9948-4AA1-A243-4A667BDAAE68}"
EndProject
Global
	GlobalSection(SolutionConfigurationPlatforms) = preSolution
		Debug|Any CPU = Debug|Any CPU
		Release|Any CPU = Release|Any CPU
	EndGlobalSection
	GlobalSection(ProjectConfigurationPlatforms) = postSolution
		{6966F471-9948-4AA1-A243-4A667BDAAE68}.Debug|Any CPU.ActiveCfg = Debug|Any CPU
		{6966F471-9948-4AA1-A243-4A667BDAAE68}.Debug|Any CPU.Build.0 = Debug|Any CPU
		{6966F471-9948-4AA1-A243-4A667BDAAE68}.Release|Any CPU.ActiveCfg = Release|Any CPU
		{6966F471-9948-4AA1-A243-4A667BDAAE68}.Release|Any CPU.Build.0 = Release|Any CPU
	EndGlobalSection
	GlobalSection(SolutionProperties) = preSolution
		HideSolutionNode = FALSE
	EndGlobalSection
	GlobalSection(ExtensibilityGlobals) = postSolution
		SolutionGuid = {A91CB5C1-B203-4A3E-82F4-C6EEA0D1AFE4}
	EndGlobalSection
EndGlobal
